// !$*UTF8*$!
{
	archiveVersion = 1;
	classes = {
	};
	objectVersion = 46;
	objects = {

/* Begin PBXBuildFile section */
		445166C61BD885E5005782D0 /* DMUserLogin.storyboard in Resources */ = {isa = PBXBuildFile; fileRef = 445166C51BD885E5005782D0 /* DMUserLogin.storyboard */; settings = {ASSET_TAGS = (); }; };
		445166CA1BD8B4AD005782D0 /* DMUserLoginViewController.swift in Sources */ = {isa = PBXBuildFile; fileRef = 445166C91BD8B4AD005782D0 /* DMUserLoginViewController.swift */; settings = {ASSET_TAGS = (); }; };
		445166CC1BD8B8AD005782D0 /* LoginViewHeader.xib in Resources */ = {isa = PBXBuildFile; fileRef = 445166CB1BD8B8AD005782D0 /* LoginViewHeader.xib */; settings = {ASSET_TAGS = (); }; };
		446DB36F1BD87EA900C9EF73 /* AppDelegate.swift in Sources */ = {isa = PBXBuildFile; fileRef = 446DB36E1BD87EA900C9EF73 /* AppDelegate.swift */; };
		446DB3761BD87EA900C9EF73 /* Assets.xcassets in Resources */ = {isa = PBXBuildFile; fileRef = 446DB3751BD87EA900C9EF73 /* Assets.xcassets */; };
		446DB3791BD87EA900C9EF73 /* LaunchScreen.storyboard in Resources */ = {isa = PBXBuildFile; fileRef = 446DB3771BD87EA900C9EF73 /* LaunchScreen.storyboard */; };
		446DB3841BD87EA900C9EF73 /* DamaiPlayBusinessPhoneTests.swift in Sources */ = {isa = PBXBuildFile; fileRef = 446DB3831BD87EA900C9EF73 /* DamaiPlayBusinessPhoneTests.swift */; };
		446DB38F1BD87EA900C9EF73 /* DamaiPlayBusinessPhoneUITests.swift in Sources */ = {isa = PBXBuildFile; fileRef = 446DB38E1BD87EA900C9EF73 /* DamaiPlayBusinessPhoneUITests.swift */; };
		44B4791B1BD9C03A00677299 /* GlobalUrlString.swift in Sources */ = {isa = PBXBuildFile; fileRef = 44B4791A1BD9C03A00677299 /* GlobalUrlString.swift */; settings = {ASSET_TAGS = (); }; };
		44B4791D1BD9D39900677299 /* DMMValueAndVValue.swift in Sources */ = {isa = PBXBuildFile; fileRef = 44B4791C1BD9D39900677299 /* DMMValueAndVValue.swift */; settings = {ASSET_TAGS = (); }; };
		9BE229EABE9E55F8AD524012 /* Pods.framework in Frameworks */ = {isa = PBXBuildFile; fileRef = 7DF228373FA65D8E66CB97E1 /* Pods.framework */; };
/* End PBXBuildFile section */

/* Begin PBXContainerItemProxy section */
		446DB3801BD87EA900C9EF73 /* PBXContainerItemProxy */ = {
			isa = PBXContainerItemProxy;
			containerPortal = 446DB3631BD87EA900C9EF73 /* Project object */;
			proxyType = 1;
			remoteGlobalIDString = 446DB36A1BD87EA900C9EF73;
			remoteInfo = DamaiPlayBusinessPhone;
		};
		446DB38B1BD87EA900C9EF73 /* PBXContainerItemProxy */ = {
			isa = PBXContainerItemProxy;
			containerPortal = 446DB3631BD87EA900C9EF73 /* Project object */;
			proxyType = 1;
			remoteGlobalIDString = 446DB36A1BD87EA900C9EF73;
			remoteInfo = DamaiPlayBusinessPhone;
		};
/* End PBXContainerItemProxy section */

/* Begin PBXFileReference section */
		081BDF49FDAA6736DA8ABB09 /* Pods.release.xcconfig */ = {isa = PBXFileReference; includeInIndex = 1; lastKnownFileType = text.xcconfig; name = Pods.release.xcconfig; path = "Pods/Target Support Files/Pods/Pods.release.xcconfig"; sourceTree = "<group>"; };
		445166C51BD885E5005782D0 /* DMUserLogin.storyboard */ = {isa = PBXFileReference; fileEncoding = 4; lastKnownFileType = file.storyboard; path = DMUserLogin.storyboard; sourceTree = "<group>"; };
		445166C91BD8B4AD005782D0 /* DMUserLoginViewController.swift */ = {isa = PBXFileReference; fileEncoding = 4; lastKnownFileType = sourcecode.swift; path = DMUserLoginViewController.swift; sourceTree = "<group>"; };
		445166CB1BD8B8AD005782D0 /* LoginViewHeader.xib */ = {isa = PBXFileReference; fileEncoding = 4; lastKnownFileType = file.xib; path = LoginViewHeader.xib; sourceTree = "<group>"; };
		446DB36B1BD87EA900C9EF73 /* DamaiPlayBusinessPhone.app */ = {isa = PBXFileReference; explicitFileType = wrapper.application; includeInIndex = 0; path = DamaiPlayBusinessPhone.app; sourceTree = BUILT_PRODUCTS_DIR; };
		446DB36E1BD87EA900C9EF73 /* AppDelegate.swift */ = {isa = PBXFileReference; lastKnownFileType = sourcecode.swift; path = AppDelegate.swift; sourceTree = "<group>"; };
		446DB3751BD87EA900C9EF73 /* Assets.xcassets */ = {isa = PBXFileReference; lastKnownFileType = folder.assetcatalog; path = Assets.xcassets; sourceTree = "<group>"; };
		446DB3781BD87EA900C9EF73 /* Base */ = {isa = PBXFileReference; lastKnownFileType = file.storyboard; name = Base; path = Base.lproj/LaunchScreen.storyboard; sourceTree = "<group>"; };
		446DB37A1BD87EA900C9EF73 /* Info.plist */ = {isa = PBXFileReference; lastKnownFileType = text.plist.xml; path = Info.plist; sourceTree = "<group>"; };
		446DB37F1BD87EA900C9EF73 /* DamaiPlayBusinessPhoneTests.xctest */ = {isa = PBXFileReference; explicitFileType = wrapper.cfbundle; includeInIndex = 0; path = DamaiPlayBusinessPhoneTests.xctest; sourceTree = BUILT_PRODUCTS_DIR; };
		446DB3831BD87EA900C9EF73 /* DamaiPlayBusinessPhoneTests.swift */ = {isa = PBXFileReference; lastKnownFileType = sourcecode.swift; path = DamaiPlayBusinessPhoneTests.swift; sourceTree = "<group>"; };
		446DB3851BD87EA900C9EF73 /* Info.plist */ = {isa = PBXFileReference; lastKnownFileType = text.plist.xml; path = Info.plist; sourceTree = "<group>"; };
		446DB38A1BD87EA900C9EF73 /* DamaiPlayBusinessPhoneUITests.xctest */ = {isa = PBXFileReference; explicitFileType = wrapper.cfbundle; includeInIndex = 0; path = DamaiPlayBusinessPhoneUITests.xctest; sourceTree = BUILT_PRODUCTS_DIR; };
		446DB38E1BD87EA900C9EF73 /* DamaiPlayBusinessPhoneUITests.swift */ = {isa = PBXFileReference; lastKnownFileType = sourcecode.swift; path = DamaiPlayBusinessPhoneUITests.swift; sourceTree = "<group>"; };
		446DB3901BD87EA900C9EF73 /* Info.plist */ = {isa = PBXFileReference; lastKnownFileType = text.plist.xml; path = Info.plist; sourceTree = "<group>"; };
		44B4791A1BD9C03A00677299 /* GlobalUrlString.swift */ = {isa = PBXFileReference; fileEncoding = 4; lastKnownFileType = sourcecode.swift; path = GlobalUrlString.swift; sourceTree = "<group>"; };
		44B4791C1BD9D39900677299 /* DMMValueAndVValue.swift */ = {isa = PBXFileReference; fileEncoding = 4; lastKnownFileType = sourcecode.swift; path = DMMValueAndVValue.swift; sourceTree = "<group>"; };
		7DF228373FA65D8E66CB97E1 /* Pods.framework */ = {isa = PBXFileReference; explicitFileType = wrapper.framework; includeInIndex = 0; path = Pods.framework; sourceTree = BUILT_PRODUCTS_DIR; };
		A25071133AC50CFCFF865510 /* Pods.debug.xcconfig */ = {isa = PBXFileReference; includeInIndex = 1; lastKnownFileType = text.xcconfig; name = Pods.debug.xcconfig; path = "Pods/Target Support Files/Pods/Pods.debug.xcconfig"; sourceTree = "<group>"; };
/* End PBXFileReference section */

/* Begin PBXFrameworksBuildPhase section */
		446DB3681BD87EA900C9EF73 /* Frameworks */ = {
			isa = PBXFrameworksBuildPhase;
			buildActionMask = 2147483647;
			files = (
				9BE229EABE9E55F8AD524012 /* Pods.framework in Frameworks */,
			);
			runOnlyForDeploymentPostprocessing = 0;
		};
		446DB37C1BD87EA900C9EF73 /* Frameworks */ = {
			isa = PBXFrameworksBuildPhase;
			buildActionMask = 2147483647;
			files = (
			);
			runOnlyForDeploymentPostprocessing = 0;
		};
		446DB3871BD87EA900C9EF73 /* Frameworks */ = {
			isa = PBXFrameworksBuildPhase;
			buildActionMask = 2147483647;
			files = (
			);
			runOnlyForDeploymentPostprocessing = 0;
		};
/* End PBXFrameworksBuildPhase section */

/* Begin PBXGroup section */
		43A6DC0A723381AFC537E659 /* Pods */ = {
			isa = PBXGroup;
			children = (
				A25071133AC50CFCFF865510 /* Pods.debug.xcconfig */,
				081BDF49FDAA6736DA8ABB09 /* Pods.release.xcconfig */,
			);
			name = Pods;
			sourceTree = "<group>";
		};
		445166B91BD88343005782D0 /* Classes */ = {
			isa = PBXGroup;
			children = (
				445166BA1BD88343005782D0 /* Model */,
				445166BB1BD88343005782D0 /* Module */,
				445166BC1BD88343005782D0 /* Tools */,
			);
			path = Classes;
			sourceTree = "<group>";
		};
		445166BA1BD88343005782D0 /* Model */ = {
			isa = PBXGroup;
			children = (
			);
			path = Model;
			sourceTree = "<group>";
		};
		445166BB1BD88343005782D0 /* Module */ = {
			isa = PBXGroup;
			children = (
				445166BD1BD88596005782D0 /* ManualScan */,
				445166BE1BD88596005782D0 /* ProjectList */,
				445166BF1BD88596005782D0 /* RondaList */,
				445166C01BD88596005782D0 /* ScanCheckTicket */,
				445166C11BD88596005782D0 /* TicketList */,
				445166C21BD88596005782D0 /* UserLogin */,
			);
			path = Module;
			sourceTree = "<group>";
		};
		445166BC1BD88343005782D0 /* Tools */ = {
			isa = PBXGroup;
			children = (
				44B4791A1BD9C03A00677299 /* GlobalUrlString.swift */,
			);
			path = Tools;
			sourceTree = "<group>";
		};
		445166BD1BD88596005782D0 /* ManualScan */ = {
			isa = PBXGroup;
			children = (
			);
			path = ManualScan;
			sourceTree = "<group>";
		};
		445166BE1BD88596005782D0 /* ProjectList */ = {
			isa = PBXGroup;
			children = (
			);
			path = ProjectList;
			sourceTree = "<group>";
		};
		445166BF1BD88596005782D0 /* RondaList */ = {
			isa = PBXGroup;
			children = (
			);
			path = RondaList;
			sourceTree = "<group>";
		};
		445166C01BD88596005782D0 /* ScanCheckTicket */ = {
			isa = PBXGroup;
			children = (
			);
			path = ScanCheckTicket;
			sourceTree = "<group>";
		};
		445166C11BD88596005782D0 /* TicketList */ = {
			isa = PBXGroup;
			children = (
			);
			path = TicketList;
			sourceTree = "<group>";
		};
		445166C21BD88596005782D0 /* UserLogin */ = {
			isa = PBXGroup;
			children = (
				445166C51BD885E5005782D0 /* DMUserLogin.storyboard */,
				445166C91BD8B4AD005782D0 /* DMUserLoginViewController.swift */,
				445166CB1BD8B8AD005782D0 /* LoginViewHeader.xib */,
				44B4791C1BD9D39900677299 /* DMMValueAndVValue.swift */,
			);
			path = UserLogin;
			sourceTree = "<group>";
		};
		446DB3621BD87EA900C9EF73 = {
			isa = PBXGroup;
			children = (
				446DB36D1BD87EA900C9EF73 /* DamaiPlayBusinessPhone */,
				446DB3821BD87EA900C9EF73 /* DamaiPlayBusinessPhoneTests */,
				446DB38D1BD87EA900C9EF73 /* DamaiPlayBusinessPhoneUITests */,
				446DB36C1BD87EA900C9EF73 /* Products */,
				43A6DC0A723381AFC537E659 /* Pods */,
				FE45B9CCAADD07710380C70C /* Frameworks */,
			);
			sourceTree = "<group>";
		};
		446DB36C1BD87EA900C9EF73 /* Products */ = {
			isa = PBXGroup;
			children = (
				446DB36B1BD87EA900C9EF73 /* DamaiPlayBusinessPhone.app */,
				446DB37F1BD87EA900C9EF73 /* DamaiPlayBusinessPhoneTests.xctest */,
				446DB38A1BD87EA900C9EF73 /* DamaiPlayBusinessPhoneUITests.xctest */,
			);
			name = Products;
			sourceTree = "<group>";
		};
		446DB36D1BD87EA900C9EF73 /* DamaiPlayBusinessPhone */ = {
			isa = PBXGroup;
			children = (
				445166B91BD88343005782D0 /* Classes */,
				446DB36E1BD87EA900C9EF73 /* AppDelegate.swift */,
				446DB3751BD87EA900C9EF73 /* Assets.xcassets */,
				446DB3771BD87EA900C9EF73 /* LaunchScreen.storyboard */,
				446DB37A1BD87EA900C9EF73 /* Info.plist */,
			);
			path = DamaiPlayBusinessPhone;
			sourceTree = "<group>";
		};
		446DB3821BD87EA900C9EF73 /* DamaiPlayBusinessPhoneTests */ = {
			isa = PBXGroup;
			children = (
				446DB3831BD87EA900C9EF73 /* DamaiPlayBusinessPhoneTests.swift */,
				446DB3851BD87EA900C9EF73 /* Info.plist */,
			);
			path = DamaiPlayBusinessPhoneTests;
			sourceTree = "<group>";
		};
		446DB38D1BD87EA900C9EF73 /* DamaiPlayBusinessPhoneUITests */ = {
			isa = PBXGroup;
			children = (
				446DB38E1BD87EA900C9EF73 /* DamaiPlayBusinessPhoneUITests.swift */,
				446DB3901BD87EA900C9EF73 /* Info.plist */,
			);
			path = DamaiPlayBusinessPhoneUITests;
			sourceTree = "<group>";
		};
		FE45B9CCAADD07710380C70C /* Frameworks */ = {
			isa = PBXGroup;
			children = (
				7DF228373FA65D8E66CB97E1 /* Pods.framework */,
			);
			name = Frameworks;
			sourceTree = "<group>";
		};
/* End PBXGroup section */

/* Begin PBXNativeTarget section */
		446DB36A1BD87EA900C9EF73 /* DamaiPlayBusinessPhone */ = {
			isa = PBXNativeTarget;
			buildConfigurationList = 446DB3931BD87EA900C9EF73 /* Build configuration list for PBXNativeTarget "DamaiPlayBusinessPhone" */;
			buildPhases = (
				6FE813780739622F3A9634BE /* Check Pods Manifest.lock */,
				446DB3671BD87EA900C9EF73 /* Sources */,
				446DB3681BD87EA900C9EF73 /* Frameworks */,
				446DB3691BD87EA900C9EF73 /* Resources */,
				94193DC165271FA90BE6EA3D /* Embed Pods Frameworks */,
				333EF00C05AD0037B167F00B /* Copy Pods Resources */,
			);
			buildRules = (
			);
			dependencies = (
			);
			name = DamaiPlayBusinessPhone;
			productName = DamaiPlayBusinessPhone;
			productReference = 446DB36B1BD87EA900C9EF73 /* DamaiPlayBusinessPhone.app */;
			productType = "com.apple.product-type.application";
		};
		446DB37E1BD87EA900C9EF73 /* DamaiPlayBusinessPhoneTests */ = {
			isa = PBXNativeTarget;
			buildConfigurationList = 446DB3961BD87EA900C9EF73 /* Build configuration list for PBXNativeTarget "DamaiPlayBusinessPhoneTests" */;
			buildPhases = (
				446DB37B1BD87EA900C9EF73 /* Sources */,
				446DB37C1BD87EA900C9EF73 /* Frameworks */,
				446DB37D1BD87EA900C9EF73 /* Resources */,
			);
			buildRules = (
			);
			dependencies = (
				446DB3811BD87EA900C9EF73 /* PBXTargetDependency */,
			);
			name = DamaiPlayBusinessPhoneTests;
			productName = DamaiPlayBusinessPhoneTests;
			productReference = 446DB37F1BD87EA900C9EF73 /* DamaiPlayBusinessPhoneTests.xctest */;
			productType = "com.apple.product-type.bundle.unit-test";
		};
		446DB3891BD87EA900C9EF73 /* DamaiPlayBusinessPhoneUITests */ = {
			isa = PBXNativeTarget;
			buildConfigurationList = 446DB3991BD87EA900C9EF73 /* Build configuration list for PBXNativeTarget "DamaiPlayBusinessPhoneUITests" */;
			buildPhases = (
				446DB3861BD87EA900C9EF73 /* Sources */,
				446DB3871BD87EA900C9EF73 /* Frameworks */,
				446DB3881BD87EA900C9EF73 /* Resources */,
			);
			buildRules = (
			);
			dependencies = (
				446DB38C1BD87EA900C9EF73 /* PBXTargetDependency */,
			);
			name = DamaiPlayBusinessPhoneUITests;
			productName = DamaiPlayBusinessPhoneUITests;
			productReference = 446DB38A1BD87EA900C9EF73 /* DamaiPlayBusinessPhoneUITests.xctest */;
			productType = "com.apple.product-type.bundle.ui-testing";
		};
/* End PBXNativeTarget section */

/* Begin PBXProject section */
		446DB3631BD87EA900C9EF73 /* Project object */ = {
			isa = PBXProject;
			attributes = {
				CLASSPREFIX = DM;
				LastUpgradeCheck = 0700;
				ORGANIZATIONNAME = DamaiPlayBusinessPhone;
				TargetAttributes = {
					446DB36A1BD87EA900C9EF73 = {
						CreatedOnToolsVersion = 7.0.1;
						DevelopmentTeam = NXY5Z3L8SV;
					};
					446DB37E1BD87EA900C9EF73 = {
						CreatedOnToolsVersion = 7.0.1;
						TestTargetID = 446DB36A1BD87EA900C9EF73;
					};
					446DB3891BD87EA900C9EF73 = {
						CreatedOnToolsVersion = 7.0.1;
						TestTargetID = 446DB36A1BD87EA900C9EF73;
					};
				};
			};
			buildConfigurationList = 446DB3661BD87EA900C9EF73 /* Build configuration list for PBXProject "DamaiPlayBusinessPhone" */;
			compatibilityVersion = "Xcode 3.2";
			developmentRegion = English;
			hasScannedForEncodings = 0;
			knownRegions = (
				en,
				Base,
			);
			mainGroup = 446DB3621BD87EA900C9EF73;
			productRefGroup = 446DB36C1BD87EA900C9EF73 /* Products */;
			projectDirPath = "";
			projectRoot = "";
			targets = (
				446DB36A1BD87EA900C9EF73 /* DamaiPlayBusinessPhone */,
				446DB37E1BD87EA900C9EF73 /* DamaiPlayBusinessPhoneTests */,
				446DB3891BD87EA900C9EF73 /* DamaiPlayBusinessPhoneUITests */,
			);
		};
/* End PBXProject section */

/* Begin PBXResourcesBuildPhase section */
		446DB3691BD87EA900C9EF73 /* Resources */ = {
			isa = PBXResourcesBuildPhase;
			buildActionMask = 2147483647;
			files = (
				446DB3791BD87EA900C9EF73 /* LaunchScreen.storyboard in Resources */,
				445166CC1BD8B8AD005782D0 /* LoginViewHeader.xib in Resources */,
				445166C61BD885E5005782D0 /* DMUserLogin.storyboard in Resources */,
				446DB3761BD87EA900C9EF73 /* Assets.xcassets in Resources */,
			);
			runOnlyForDeploymentPostprocessing = 0;
		};
		446DB37D1BD87EA900C9EF73 /* Resources */ = {
			isa = PBXResourcesBuildPhase;
			buildActionMask = 2147483647;
			files = (
			);
			runOnlyForDeploymentPostprocessing = 0;
		};
		446DB3881BD87EA900C9EF73 /* Resources */ = {
			isa = PBXResourcesBuildPhase;
			buildActionMask = 2147483647;
			files = (
			);
			runOnlyForDeploymentPostprocessing = 0;
		};
/* End PBXResourcesBuildPhase section */

/* Begin PBXShellScriptBuildPhase section */
		333EF00C05AD0037B167F00B /* Copy Pods Resources */ = {
			isa = PBXShellScriptBuildPhase;
			buildActionMask = 2147483647;
			files = (
			);
			inputPaths = (
			);
			name = "Copy Pods Resources";
			outputPaths = (
			);
			runOnlyForDeploymentPostprocessing = 0;
			shellPath = /bin/sh;
			shellScript = "\"${SRCROOT}/Pods/Target Support Files/Pods/Pods-resources.sh\"\n";
			showEnvVarsInLog = 0;
		};
		6FE813780739622F3A9634BE /* Check Pods Manifest.lock */ = {
			isa = PBXShellScriptBuildPhase;
			buildActionMask = 2147483647;
			files = (
			);
			inputPaths = (
			);
			name = "Check Pods Manifest.lock";
			outputPaths = (
			);
			runOnlyForDeploymentPostprocessing = 0;
			shellPath = /bin/sh;
			shellScript = "diff \"${PODS_ROOT}/../Podfile.lock\" \"${PODS_ROOT}/Manifest.lock\" > /dev/null\nif [[ $? != 0 ]] ; then\n    cat << EOM\nerror: The sandbox is not in sync with the Podfile.lock. Run 'pod install' or update your CocoaPods installation.\nEOM\n    exit 1\nfi\n";
			showEnvVarsInLog = 0;
		};
		94193DC165271FA90BE6EA3D /* Embed Pods Frameworks */ = {
			isa = PBXShellScriptBuildPhase;
			buildActionMask = 2147483647;
			files = (
			);
			inputPaths = (
			);
			name = "Embed Pods Frameworks";
			outputPaths = (
			);
			runOnlyForDeploymentPostprocessing = 0;
			shellPath = /bin/sh;
			shellScript = "\"${SRCROOT}/Pods/Target Support Files/Pods/Pods-frameworks.sh\"\n";
			showEnvVarsInLog = 0;
		};
/* End PBXShellScriptBuildPhase section */

/* Begin PBXSourcesBuildPhase section */
		446DB3671BD87EA900C9EF73 /* Sources */ = {
			isa = PBXSourcesBuildPhase;
			buildActionMask = 2147483647;
			files = (
				445166CA1BD8B4AD005782D0 /* DMUserLoginViewController.swift in Sources */,
				44B4791B1BD9C03A00677299 /* GlobalUrlString.swift in Sources */,
				446DB36F1BD87EA900C9EF73 /* AppDelegate.swift in Sources */,
				44B4791D1BD9D39900677299 /* DMMValueAndVValue.swift in Sources */,
			);
			runOnlyForDeploymentPostprocessing = 0;
		};
		446DB37B1BD87EA900C9EF73 /* Sources */ = {
			isa = PBXSourcesBuildPhase;
			buildActionMask = 2147483647;
			files = (
				446DB3841BD87EA900C9EF73 /* DamaiPlayBusinessPhoneTests.swift in Sources */,
			);
			runOnlyForDeploymentPostprocessing = 0;
		};
		446DB3861BD87EA900C9EF73 /* Sources */ = {
			isa = PBXSourcesBuildPhase;
			buildActionMask = 2147483647;
			files = (
				446DB38F1BD87EA900C9EF73 /* DamaiPlayBusinessPhoneUITests.swift in Sources */,
			);
			runOnlyForDeploymentPostprocessing = 0;
		};
/* End PBXSourcesBuildPhase section */

/* Begin PBXTargetDependency section */
		446DB3811BD87EA900C9EF73 /* PBXTargetDependency */ = {
			isa = PBXTargetDependency;
			target = 446DB36A1BD87EA900C9EF73 /* DamaiPlayBusinessPhone */;
			targetProxy = 446DB3801BD87EA900C9EF73 /* PBXContainerItemProxy */;
		};
		446DB38C1BD87EA900C9EF73 /* PBXTargetDependency */ = {
			isa = PBXTargetDependency;
			target = 446DB36A1BD87EA900C9EF73 /* DamaiPlayBusinessPhone */;
			targetProxy = 446DB38B1BD87EA900C9EF73 /* PBXContainerItemProxy */;
		};
/* End PBXTargetDependency section */

/* Begin PBXVariantGroup section */
		446DB3771BD87EA900C9EF73 /* LaunchScreen.storyboard */ = {
			isa = PBXVariantGroup;
			children = (
				446DB3781BD87EA900C9EF73 /* Base */,
			);
			name = LaunchScreen.storyboard;
			sourceTree = "<group>";
		};
/* End PBXVariantGroup section */

/* Begin XCBuildConfiguration section */
		446DB3911BD87EA900C9EF73 /* Debug */ = {
			isa = XCBuildConfiguration;
			buildSettings = {
				ALWAYS_SEARCH_USER_PATHS = NO;
				CLANG_CXX_LANGUAGE_STANDARD = "gnu++0x";
				CLANG_CXX_LIBRARY = "libc++";
				CLANG_ENABLE_MODULES = YES;
				CLANG_ENABLE_OBJC_ARC = YES;
				CLANG_WARN_BOOL_CONVERSION = YES;
				CLANG_WARN_CONSTANT_CONVERSION = YES;
				CLANG_WARN_DIRECT_OBJC_ISA_USAGE = YES_ERROR;
				CLANG_WARN_EMPTY_BODY = YES;
				CLANG_WARN_ENUM_CONVERSION = YES;
				CLANG_WARN_INT_CONVERSION = YES;
				CLANG_WARN_OBJC_ROOT_CLASS = YES_ERROR;
				CLANG_WARN_UNREACHABLE_CODE = YES;
				CLANG_WARN__DUPLICATE_METHOD_MATCH = YES;
				"CODE_SIGN_IDENTITY[sdk=iphoneos*]" = "iPhone Developer";
				COPY_PHASE_STRIP = NO;
				DEBUG_INFORMATION_FORMAT = dwarf;
				ENABLE_STRICT_OBJC_MSGSEND = YES;
				ENABLE_TESTABILITY = YES;
				GCC_C_LANGUAGE_STANDARD = gnu99;
				GCC_DYNAMIC_NO_PIC = NO;
				GCC_NO_COMMON_BLOCKS = YES;
				GCC_OPTIMIZATION_LEVEL = 0;
				GCC_PREPROCESSOR_DEFINITIONS = (
					"DEBUG=1",
					"$(inherited)",
				);
				GCC_WARN_64_TO_32_BIT_CONVERSION = YES;
				GCC_WARN_ABOUT_RETURN_TYPE = YES_ERROR;
				GCC_WARN_UNDECLARED_SELECTOR = YES;
				GCC_WARN_UNINITIALIZED_AUTOS = YES_AGGRESSIVE;
				GCC_WARN_UNUSED_FUNCTION = YES;
				GCC_WARN_UNUSED_VARIABLE = YES;
				IPHONEOS_DEPLOYMENT_TARGET = 9.0;
				MTL_ENABLE_DEBUG_INFO = YES;
				ONLY_ACTIVE_ARCH = YES;
				SDKROOT = iphoneos;
				SWIFT_OPTIMIZATION_LEVEL = "-Onone";
			};
			name = Debug;
		};
		446DB3921BD87EA900C9EF73 /* Release */ = {
			isa = XCBuildConfiguration;
			buildSettings = {
				ALWAYS_SEARCH_USER_PATHS = NO;
				CLANG_CXX_LANGUAGE_STANDARD = "gnu++0x";
				CLANG_CXX_LIBRARY = "libc++";
				CLANG_ENABLE_MODULES = YES;
				CLANG_ENABLE_OBJC_ARC = YES;
				CLANG_WARN_BOOL_CONVERSION = YES;
				CLANG_WARN_CONSTANT_CONVERSION = YES;
				CLANG_WARN_DIRECT_OBJC_ISA_USAGE = YES_ERROR;
				CLANG_WARN_EMPTY_BODY = YES;
				CLANG_WARN_ENUM_CONVERSION = YES;
				CLANG_WARN_INT_CONVERSION = YES;
				CLANG_WARN_OBJC_ROOT_CLASS = YES_ERROR;
				CLANG_WARN_UNREACHABLE_CODE = YES;
				CLANG_WARN__DUPLICATE_METHOD_MATCH = YES;
				"CODE_SIGN_IDENTITY[sdk=iphoneos*]" = "iPhone Developer";
				COPY_PHASE_STRIP = NO;
				DEBUG_INFORMATION_FORMAT = "dwarf-with-dsym";
				ENABLE_NS_ASSERTIONS = NO;
				ENABLE_STRICT_OBJC_MSGSEND = YES;
				GCC_C_LANGUAGE_STANDARD = gnu99;
				GCC_NO_COMMON_BLOCKS = YES;
				GCC_WARN_64_TO_32_BIT_CONVERSION = YES;
				GCC_WARN_ABOUT_RETURN_TYPE = YES_ERROR;
				GCC_WARN_UNDECLARED_SELECTOR = YES;
				GCC_WARN_UNINITIALIZED_AUTOS = YES_AGGRESSIVE;
				GCC_WARN_UNUSED_FUNCTION = YES;
				GCC_WARN_UNUSED_VARIABLE = YES;
				IPHONEOS_DEPLOYMENT_TARGET = 9.0;
				MTL_ENABLE_DEBUG_INFO = NO;
				SDKROOT = iphoneos;
				VALIDATE_PRODUCT = YES;
			};
			name = Release;
		};
		446DB3941BD87EA900C9EF73 /* Debug */ = {
			isa = XCBuildConfiguration;
			baseConfigurationReference = A25071133AC50CFCFF865510 /* Pods.debug.xcconfig */;
			buildSettings = {
				ASSETCATALOG_COMPILER_APPICON_NAME = AppIcon;
				CODE_SIGN_IDENTITY = "iPhone Developer";
				"CODE_SIGN_IDENTITY[sdk=iphoneos*]" = "iPhone Developer";
				INFOPLIST_FILE = DamaiPlayBusinessPhone/Info.plist;
				IPHONEOS_DEPLOYMENT_TARGET = 8.0;
				LD_RUNPATH_SEARCH_PATHS = "$(inherited) @executable_path/Frameworks";
				PRODUCT_BUNDLE_IDENTIFIER = cn.damai.DamaiPlayBusinessPhone;
				PRODUCT_NAME = "$(TARGET_NAME)";
				PROVISIONING_PROFILE = "";
			};
			name = Debug;
		};
		446DB3951BD87EA900C9EF73 /* Release */ = {
			isa = XCBuildConfiguration;
			baseConfigurationReference = 081BDF49FDAA6736DA8ABB09 /* Pods.release.xcconfig */;
			buildSettings = {
				ASSETCATALOG_COMPILER_APPICON_NAME = AppIcon;
				CODE_SIGN_IDENTITY = "iPhone Developer";
				"CODE_SIGN_IDENTITY[sdk=iphoneos*]" = "iPhone Developer";
				INFOPLIST_FILE = DamaiPlayBusinessPhone/Info.plist;
				IPHONEOS_DEPLOYMENT_TARGET = 8.0;
				LD_RUNPATH_SEARCH_PATHS = "$(inherited) @executable_path/Frameworks";
				PRODUCT_BUNDLE_IDENTIFIER = cn.damai.DamaiPlayBusinessPhone;
				PRODUCT_NAME = "$(TARGET_NAME)";
				PROVISIONING_PROFILE = "";
			};
			name = Release;
		};
		446DB3971BD87EA900C9EF73 /* Debug */ = {
			isa = XCBuildConfiguration;
			buildSettings = {
				BUNDLE_LOADER = "$(TEST_HOST)";
				INFOPLIST_FILE = DamaiPlayBusinessPhoneTests/Info.plist;
				LD_RUNPATH_SEARCH_PATHS = "$(inherited) @executable_path/Frameworks @loader_path/Frameworks";
				PRODUCT_BUNDLE_IDENTIFIER = cn.damai.DamaiPlayBusinessPhoneTests;
				PRODUCT_NAME = "$(TARGET_NAME)";
				TEST_HOST = "$(BUILT_PRODUCTS_DIR)/DamaiPlayBusinessPhone.app/DamaiPlayBusinessPhone";
			};
			name = Debug;
		};
		446DB3981BD87EA900C9EF73 /* Release */ = {
			isa = XCBuildConfiguration;
			buildSettings = {
				BUNDLE_LOADER = "$(TEST_HOST)";
				INFOPLIST_FILE = DamaiPlayBusinessPhoneTests/Info.plist;
				LD_RUNPATH_SEARCH_PATHS = "$(inherited) @executable_path/Frameworks @loader_path/Frameworks";
				PRODUCT_BUNDLE_IDENTIFIER = cn.damai.DamaiPlayBusinessPhoneTests;
				PRODUCT_NAME = "$(TARGET_NAME)";
				TEST_HOST = "$(BUILT_PRODUCTS_DIR)/DamaiPlayBusinessPhone.app/DamaiPlayBusinessPhone";
			};
			name = Release;
		};
		446DB39A1BD87EA900C9EF73 /* Debug */ = {
			isa = XCBuildConfiguration;
			buildSettings = {
				INFOPLIST_FILE = DamaiPlayBusinessPhoneUITests/Info.plist;
				LD_RUNPATH_SEARCH_PATHS = "$(inherited) @executable_path/Frameworks @loader_path/Frameworks";
				PRODUCT_BUNDLE_IDENTIFIER = cn.damai.DamaiPlayBusinessPhoneUITests;
				PRODUCT_NAME = "$(TARGET_NAME)";
				TEST_TARGET_NAME = DamaiPlayBusinessPhone;
				USES_XCTRUNNER = YES;
			};
			name = Debug;
		};
		446DB39B1BD87EA900C9EF73 /* Release */ = {
			isa = XCBuildConfiguration;
			buildSettings = {
				INFOPLIST_FILE = DamaiPlayBusinessPhoneUITests/Info.plist;
				LD_RUNPATH_SEARCH_PATHS = "$(inherited) @executable_path/Frameworks @loader_path/Frameworks";
				PRODUCT_BUNDLE_IDENTIFIER = cn.damai.DamaiPlayBusinessPhoneUITests;
				PRODUCT_NAME = "$(TARGET_NAME)";
				TEST_TARGET_NAME = DamaiPlayBusinessPhone;
				USES_XCTRUNNER = YES;
			};
			name = Release;
		};
/* End XCBuildConfiguration section */

/* Begin XCConfigurationList section */
		446DB3661BD87EA900C9EF73 /* Build configuration list for PBXProject "DamaiPlayBusinessPhone" */ = {
			isa = XCConfigurationList;
			buildConfigurations = (
				446DB3911BD87EA900C9EF73 /* Debug */,
				446DB3921BD87EA900C9EF73 /* Release */,
			);
			defaultConfigurationIsVisible = 0;
			defaultConfigurationName = Release;
		};
		446DB3931BD87EA900C9EF73 /* Build configuration list for PBXNativeTarget "DamaiPlayBusinessPhone" */ = {
			isa = XCConfigurationList;
			buildConfigurations = (
				446DB3941BD87EA900C9EF73 /* Debug */,
				446DB3951BD87EA900C9EF73 /* Release */,
			);
			defaultConfigurationIsVisible = 0;
			defaultConfigurationName = Release;
		};
		446DB3961BD87EA900C9EF73 /* Build configuration list for PBXNativeTarget "DamaiPlayBusinessPhoneTests" */ = {
			isa = XCConfigurationList;
			buildConfigurations = (
				446DB3971BD87EA900C9EF73 /* Debug */,
				446DB3981BD87EA900C9EF73 /* Release */,
			);
			defaultConfigurationIsVisible = 0;
			defaultConfigurationName = Release;
		};
		446DB3991BD87EA900C9EF73 /* Build configuration list for PBXNativeTarget "DamaiPlayBusinessPhoneUITests" */ = {
			isa = XCConfigurationList;
			buildConfigurations = (
				446DB39A1BD87EA900C9EF73 /* Debug */,
				446DB39B1BD87EA900C9EF73 /* Release */,
			);
			defaultConfigurationIsVisible = 0;
			defaultConfigurationName = Release;
		};
/* End XCConfigurationList section */
	};
	rootObject = 446DB3631BD87EA900C9EF73 /* Project object */;
}
